
Microsoft Visual Studio Solution File, Format Version 12.00
# Visual Studio 14
VisualStudioVersion = 14.0.25420.1
MinimumVisualStudioVersion = 10.0.40219.1
Project("{FAE04EC0-301F-11D3-BF4B-00C04F79EFBC}") = "GSLogistics.Entities", "GSLogisitics.Entities\GSLogistics.Entities.csproj", "{23A77C79-28DE-4B99-A56A-4069EB6D1548}"
EndProject
Project("{FAE04EC0-301F-11D3-BF4B-00C04F79EFBC}") = "GSLogistics.Website.Admin", "GSLogistics.Website.Admin\GSLogistics.Website.Admin.csproj", "{46427871-FE96-496A-B30E-076920AEA194}"
EndProject
Project("{FAE04EC0-301F-11D3-BF4B-00C04F79EFBC}") = "GSLogistics.Website.Admin.Tests", "GSLogistics.Website.Admin.Tests\GSLogistics.Website.Admin.Tests.csproj", "{894D7B6D-2C8C-4AC6-8180-B635A4CCC767}"
EndProject
Project("{2150E333-8FDC-42A3-9474-1A3956D46DE8}") = "Admin", "Admin", "{D6256E89-115B-4447-A6CA-1192EAD8846E}"
EndProject
Project("{2150E333-8FDC-42A3-9474-1A3956D46DE8}") = "Tests", "Tests", "{69A5E1E7-5E29-4BC1-874F-7E58A9F195AA}"
EndProject
Project("{FAE04EC0-301F-11D3-BF4B-00C04F79EFBC}") = "GSLogistics.Website.Admin.Controllers", "GSLogisitics.Website.Admin.Controllers\GSLogistics.Website.Admin.Controllers.csproj", "{BC4541DB-000E-45ED-9E6C-85783B0125A7}"
EndProject
Project("{FAE04EC0-301F-11D3-BF4B-00C04F79EFBC}") = "GSLogistics.Website.Admin.Models", "GSLogisitics.Website.Admin.Models\GSLogistics.Website.Admin.Models.csproj", "{D44145FE-6E91-4DD4-8A22-78A78CC3D0C8}"
EndProject
Project("{FAE04EC0-301F-11D3-BF4B-00C04F79EFBC}") = "GSLogistics.Website.Admin.Resources", "GSLogistics.Website.Admin.Resources\GSLogistics.Website.Admin.Resources.csproj", "{19A5B306-3358-4CCE-BE7C-DB9F4910E1C9}"
EndProject
Project("{2150E333-8FDC-42A3-9474-1A3956D46DE8}") = "BusinessLogic", "BusinessLogic", "{83E0C2C7-C0AE-45FF-A7BF-123DEEFD02F3}"
EndProject
Project("{2150E333-8FDC-42A3-9474-1A3956D46DE8}") = "Website", "Website", "{1F3E1538-7232-4114-8DBF-D4B4B844AEFD}"
EndProject
Project("{2150E333-8FDC-42A3-9474-1A3956D46DE8}") = "Common", "Common", "{4921FCF2-E3E8-4B6C-8FA0-3A17E3E8C474}"
EndProject
Project("{FAE04EC0-301F-11D3-BF4B-00C04F79EFBC}") = "GSLogistics.Website.Common", "GSLogistics.Website.Common\GSLogistics.Website.Common.csproj", "{401A9C7E-7F4E-4021-90F3-3DC80CC07215}"
EndProject
Project("{FAE04EC0-301F-11D3-BF4B-00C04F79EFBC}") = "GSLogistics.Logic", "GSLogisitics.Logic\GSLogistics.Logic.csproj", "{2D540A3B-BD22-4ACF-BE99-D20CF08EE13B}"
EndProject
Project("{FAE04EC0-301F-11D3-BF4B-00C04F79EFBC}") = "GSLogistics.Logic.Interface", "GSLogistics.Logic.Interface\GSLogistics.Logic.Interface.csproj", "{D7CCE6EE-8C18-4D86-A449-4D90401F632F}"
EndProject
Project("{FAE04EC0-301F-11D3-BF4B-00C04F79EFBC}") = "GSLogistics.Website.Customers", "GSLogistics.Website.Customers\GSLogistics.Website.Customers.csproj", "{98532F36-CC08-4552-AC8C-29F289503DC7}"
EndProject
Project("{2150E333-8FDC-42A3-9474-1A3956D46DE8}") = "Customers", "Customers", "{BE03D7BD-7E4A-4D18-A6FC-12DEB434A441}"
EndProject
Project("{FAE04EC0-301F-11D3-BF4B-00C04F79EFBC}") = "GSLogistics.Website.Customers.Models", "GSLogistics.Website.Customers.Models\GSLogistics.Website.Customers.Models.csproj", "{8B148A8D-C5B2-4DE3-91D2-D080BDFB8B15}"
EndProject
Project("{FAE04EC0-301F-11D3-BF4B-00C04F79EFBC}") = "GSLogistics.Website.Customers.Controllers", "GSLogistics.Website.Customers.Controllers\GSLogistics.Website.Customers.Controllers.csproj", "{A470A34B-39E1-484D-A781-92895B492F0F}"
EndProject
Project("{FAE04EC0-301F-11D3-BF4B-00C04F79EFBC}") = "GSLogistics.Website.Common.Controllers", "GSLogistics.Website.Common.Controllers\GSLogistics.Website.Common.Controllers.csproj", "{5A4BC5AB-1B01-4EC7-B38F-4124661D1496}"
EndProject
Project("{FAE04EC0-301F-11D3-BF4B-00C04F79EFBC}") = "GSLogistics.Model", "GSLogistics.Model\GSLogistics.Model.csproj", "{D8DD60D0-A0C4-4533-AA8F-F98AED3DE7D1}"
EndProject
Project("{2150E333-8FDC-42A3-9474-1A3956D46DE8}") = "Services", "Services", "{82556931-2CD8-4E64-A63E-00AB991F5EB4}"
EndProject
Project("{FAE04EC0-301F-11D3-BF4B-00C04F79EFBC}") = "GSLogistics.Reporting", "GSLogistics.Reporting\GSLogistics.Reporting.csproj", "{55436367-194B-4627-BC65-92CAF6853028}"
EndProject
Project("{FAE04EC0-301F-11D3-BF4B-00C04F79EFBC}") = "GSLogistics.Model.Query", "GSLogistics.Model.Query\GSLogistics.Model.Query.csproj", "{64DDDA9B-D0B0-467A-86A9-5E398A1C6330}"
EndProject
Project("{2150E333-8FDC-42A3-9474-1A3956D46DE8}") = "Interface", "Interface", "{13C09F75-BC19-4162-816B-74D02452D87C}"
EndProject
Project("{FAE04EC0-301F-11D3-BF4B-00C04F79EFBC}") = "GSLogistics.Interface", "GSLogistics.Interface\GSLogistics.Interface.csproj", "{3258DCFF-3339-4B21-9134-F26BF38691FF}"
EndProject
Project("{FAE04EC0-301F-11D3-BF4B-00C04F79EFBC}") = "GSLogistics.UserSecurity", "GSLogistics.UserSecurity\GSLogistics.UserSecurity.csproj", "{79963F2B-24B0-4FC8-98A4-BCF7541158DA}"
EndProject
Global
	GlobalSection(SolutionConfigurationPlatforms) = preSolution
		Debug|Any CPU = Debug|Any CPU
		Release|Any CPU = Release|Any CPU
	EndGlobalSection
	GlobalSection(ProjectConfigurationPlatforms) = postSolution
		{23A77C79-28DE-4B99-A56A-4069EB6D1548}.Debug|Any CPU.ActiveCfg = Debug|Any CPU
		{23A77C79-28DE-4B99-A56A-4069EB6D1548}.Debug|Any CPU.Build.0 = Debug|Any CPU
		{23A77C79-28DE-4B99-A56A-4069EB6D1548}.Release|Any CPU.ActiveCfg = Release|Any CPU
		{23A77C79-28DE-4B99-A56A-4069EB6D1548}.Release|Any CPU.Build.0 = Release|Any CPU
		{46427871-FE96-496A-B30E-076920AEA194}.Debug|Any CPU.ActiveCfg = Debug|Any CPU
		{46427871-FE96-496A-B30E-076920AEA194}.Debug|Any CPU.Build.0 = Debug|Any CPU
		{46427871-FE96-496A-B30E-076920AEA194}.Release|Any CPU.ActiveCfg = Release|Any CPU
		{46427871-FE96-496A-B30E-076920AEA194}.Release|Any CPU.Build.0 = Release|Any CPU
		{894D7B6D-2C8C-4AC6-8180-B635A4CCC767}.Debug|Any CPU.ActiveCfg = Debug|Any CPU
		{894D7B6D-2C8C-4AC6-8180-B635A4CCC767}.Debug|Any CPU.Build.0 = Debug|Any CPU
		{894D7B6D-2C8C-4AC6-8180-B635A4CCC767}.Release|Any CPU.ActiveCfg = Release|Any CPU
		{894D7B6D-2C8C-4AC6-8180-B635A4CCC767}.Release|Any CPU.Build.0 = Release|Any CPU
		{BC4541DB-000E-45ED-9E6C-85783B0125A7}.Debug|Any CPU.ActiveCfg = Debug|Any CPU
		{BC4541DB-000E-45ED-9E6C-85783B0125A7}.Debug|Any CPU.Build.0 = Debug|Any CPU
		{BC4541DB-000E-45ED-9E6C-85783B0125A7}.Release|Any CPU.ActiveCfg = Release|Any CPU
		{BC4541DB-000E-45ED-9E6C-85783B0125A7}.Release|Any CPU.Build.0 = Release|Any CPU
		{D44145FE-6E91-4DD4-8A22-78A78CC3D0C8}.Debug|Any CPU.ActiveCfg = Debug|Any CPU
		{D44145FE-6E91-4DD4-8A22-78A78CC3D0C8}.Debug|Any CPU.Build.0 = Debug|Any CPU
		{D44145FE-6E91-4DD4-8A22-78A78CC3D0C8}.Release|Any CPU.ActiveCfg = Release|Any CPU
		{D44145FE-6E91-4DD4-8A22-78A78CC3D0C8}.Release|Any CPU.Build.0 = Release|Any CPU
		{19A5B306-3358-4CCE-BE7C-DB9F4910E1C9}.Debug|Any CPU.ActiveCfg = Debug|Any CPU
		{19A5B306-3358-4CCE-BE7C-DB9F4910E1C9}.Debug|Any CPU.Build.0 = Debug|Any CPU
		{19A5B306-3358-4CCE-BE7C-DB9F4910E1C9}.Release|Any CPU.ActiveCfg = Release|Any CPU
		{19A5B306-3358-4CCE-BE7C-DB9F4910E1C9}.Release|Any CPU.Build.0 = Release|Any CPU
		{401A9C7E-7F4E-4021-90F3-3DC80CC07215}.Debug|Any CPU.ActiveCfg = Debug|Any CPU
		{401A9C7E-7F4E-4021-90F3-3DC80CC07215}.Debug|Any CPU.Build.0 = Debug|Any CPU
		{401A9C7E-7F4E-4021-90F3-3DC80CC07215}.Release|Any CPU.ActiveCfg = Release|Any CPU
		{401A9C7E-7F4E-4021-90F3-3DC80CC07215}.Release|Any CPU.Build.0 = Release|Any CPU
		{2D540A3B-BD22-4ACF-BE99-D20CF08EE13B}.Debug|Any CPU.ActiveCfg = Debug|Any CPU
		{2D540A3B-BD22-4ACF-BE99-D20CF08EE13B}.Debug|Any CPU.Build.0 = Debug|Any CPU
		{2D540A3B-BD22-4ACF-BE99-D20CF08EE13B}.Release|Any CPU.ActiveCfg = Release|Any CPU
		{2D540A3B-BD22-4ACF-BE99-D20CF08EE13B}.Release|Any CPU.Build.0 = Release|Any CPU
		{D7CCE6EE-8C18-4D86-A449-4D90401F632F}.Debug|Any CPU.ActiveCfg = Debug|Any CPU
		{D7CCE6EE-8C18-4D86-A449-4D90401F632F}.Debug|Any CPU.Build.0 = Debug|Any CPU
		{D7CCE6EE-8C18-4D86-A449-4D90401F632F}.Release|Any CPU.ActiveCfg = Release|Any CPU
		{D7CCE6EE-8C18-4D86-A449-4D90401F632F}.Release|Any CPU.Build.0 = Release|Any CPU
		{98532F36-CC08-4552-AC8C-29F289503DC7}.Debug|Any CPU.ActiveCfg = Debug|Any CPU
		{98532F36-CC08-4552-AC8C-29F289503DC7}.Debug|Any CPU.Build.0 = Debug|Any CPU
		{98532F36-CC08-4552-AC8C-29F289503DC7}.Release|Any CPU.ActiveCfg = Release|Any CPU
		{98532F36-CC08-4552-AC8C-29F289503DC7}.Release|Any CPU.Build.0 = Release|Any CPU
		{8B148A8D-C5B2-4DE3-91D2-D080BDFB8B15}.Debug|Any CPU.ActiveCfg = Debug|Any CPU
		{8B148A8D-C5B2-4DE3-91D2-D080BDFB8B15}.Debug|Any CPU.Build.0 = Debug|Any CPU
		{8B148A8D-C5B2-4DE3-91D2-D080BDFB8B15}.Release|Any CPU.ActiveCfg = Release|Any CPU
		{8B148A8D-C5B2-4DE3-91D2-D080BDFB8B15}.Release|Any CPU.Build.0 = Release|Any CPU
		{A470A34B-39E1-484D-A781-92895B492F0F}.Debug|Any CPU.ActiveCfg = Debug|Any CPU
		{A470A34B-39E1-484D-A781-92895B492F0F}.Debug|Any CPU.Build.0 = Debug|Any CPU
		{A470A34B-39E1-484D-A781-92895B492F0F}.Release|Any CPU.ActiveCfg = Release|Any CPU
		{A470A34B-39E1-484D-A781-92895B492F0F}.Release|Any CPU.Build.0 = Release|Any CPU
		{5A4BC5AB-1B01-4EC7-B38F-4124661D1496}.Debug|Any CPU.ActiveCfg = Debug|Any CPU
		{5A4BC5AB-1B01-4EC7-B38F-4124661D1496}.Debug|Any CPU.Build.0 = Debug|Any CPU
		{5A4BC5AB-1B01-4EC7-B38F-4124661D1496}.Release|Any CPU.ActiveCfg = Release|Any CPU
		{5A4BC5AB-1B01-4EC7-B38F-4124661D1496}.Release|Any CPU.Build.0 = Release|Any CPU
		{D8DD60D0-A0C4-4533-AA8F-F98AED3DE7D1}.Debug|Any CPU.ActiveCfg = Debug|Any CPU
		{D8DD60D0-A0C4-4533-AA8F-F98AED3DE7D1}.Debug|Any CPU.Build.0 = Debug|Any CPU
		{D8DD60D0-A0C4-4533-AA8F-F98AED3DE7D1}.Release|Any CPU.ActiveCfg = Release|Any CPU
		{D8DD60D0-A0C4-4533-AA8F-F98AED3DE7D1}.Release|Any CPU.Build.0 = Release|Any CPU
		{55436367-194B-4627-BC65-92CAF6853028}.Debug|Any CPU.ActiveCfg = Debug|Any CPU
		{55436367-194B-4627-BC65-92CAF6853028}.Debug|Any CPU.Build.0 = Debug|Any CPU
		{55436367-194B-4627-BC65-92CAF6853028}.Release|Any CPU.ActiveCfg = Release|Any CPU
		{55436367-194B-4627-BC65-92CAF6853028}.Release|Any CPU.Build.0 = Release|Any CPU
		{64DDDA9B-D0B0-467A-86A9-5E398A1C6330}.Debug|Any CPU.ActiveCfg = Debug|Any CPU
		{64DDDA9B-D0B0-467A-86A9-5E398A1C6330}.Debug|Any CPU.Build.0 = Debug|Any CPU
		{64DDDA9B-D0B0-467A-86A9-5E398A1C6330}.Release|Any CPU.ActiveCfg = Release|Any CPU
		{64DDDA9B-D0B0-467A-86A9-5E398A1C6330}.Release|Any CPU.Build.0 = Release|Any CPU
		{3258DCFF-3339-4B21-9134-F26BF38691FF}.Debug|Any CPU.ActiveCfg = Debug|Any CPU
		{3258DCFF-3339-4B21-9134-F26BF38691FF}.Debug|Any CPU.Build.0 = Debug|Any CPU
		{3258DCFF-3339-4B21-9134-F26BF38691FF}.Release|Any CPU.ActiveCfg = Release|Any CPU
		{3258DCFF-3339-4B21-9134-F26BF38691FF}.Release|Any CPU.Build.0 = Release|Any CPU
		{79963F2B-24B0-4FC8-98A4-BCF7541158DA}.Debug|Any CPU.ActiveCfg = Debug|Any CPU
		{79963F2B-24B0-4FC8-98A4-BCF7541158DA}.Debug|Any CPU.Build.0 = Debug|Any CPU
		{79963F2B-24B0-4FC8-98A4-BCF7541158DA}.Release|Any CPU.ActiveCfg = Release|Any CPU
		{79963F2B-24B0-4FC8-98A4-BCF7541158DA}.Release|Any CPU.Build.0 = Release|Any CPU
	EndGlobalSection
	GlobalSection(SolutionProperties) = preSolution
		HideSolutionNode = FALSE
	EndGlobalSection
	GlobalSection(NestedProjects) = preSolution
		{23A77C79-28DE-4B99-A56A-4069EB6D1548} = {83E0C2C7-C0AE-45FF-A7BF-123DEEFD02F3}
		{894D7B6D-2C8C-4AC6-8180-B635A4CCC767} = {69A5E1E7-5E29-4BC1-874F-7E58A9F195AA}
		{D6256E89-115B-4447-A6CA-1192EAD8846E} = {1F3E1538-7232-4114-8DBF-D4B4B844AEFD}
		{69A5E1E7-5E29-4BC1-874F-7E58A9F195AA} = {D6256E89-115B-4447-A6CA-1192EAD8846E}
		{BC4541DB-000E-45ED-9E6C-85783B0125A7} = {D6256E89-115B-4447-A6CA-1192EAD8846E}
		{D44145FE-6E91-4DD4-8A22-78A78CC3D0C8} = {D6256E89-115B-4447-A6CA-1192EAD8846E}
		{19A5B306-3358-4CCE-BE7C-DB9F4910E1C9} = {D6256E89-115B-4447-A6CA-1192EAD8846E}
		{4921FCF2-E3E8-4B6C-8FA0-3A17E3E8C474} = {1F3E1538-7232-4114-8DBF-D4B4B844AEFD}
		{401A9C7E-7F4E-4021-90F3-3DC80CC07215} = {4921FCF2-E3E8-4B6C-8FA0-3A17E3E8C474}
		{2D540A3B-BD22-4ACF-BE99-D20CF08EE13B} = {83E0C2C7-C0AE-45FF-A7BF-123DEEFD02F3}
		{D7CCE6EE-8C18-4D86-A449-4D90401F632F} = {83E0C2C7-C0AE-45FF-A7BF-123DEEFD02F3}
		{BE03D7BD-7E4A-4D18-A6FC-12DEB434A441} = {1F3E1538-7232-4114-8DBF-D4B4B844AEFD}
		{8B148A8D-C5B2-4DE3-91D2-D080BDFB8B15} = {BE03D7BD-7E4A-4D18-A6FC-12DEB434A441}
		{A470A34B-39E1-484D-A781-92895B492F0F} = {BE03D7BD-7E4A-4D18-A6FC-12DEB434A441}
		{5A4BC5AB-1B01-4EC7-B38F-4124661D1496} = {4921FCF2-E3E8-4B6C-8FA0-3A17E3E8C474}
		{D8DD60D0-A0C4-4533-AA8F-F98AED3DE7D1} = {83E0C2C7-C0AE-45FF-A7BF-123DEEFD02F3}
		{55436367-194B-4627-BC65-92CAF6853028} = {82556931-2CD8-4E64-A63E-00AB991F5EB4}
		{64DDDA9B-D0B0-467A-86A9-5E398A1C6330} = {83E0C2C7-C0AE-45FF-A7BF-123DEEFD02F3}
		{3258DCFF-3339-4B21-9134-F26BF38691FF} = {13C09F75-BC19-4162-816B-74D02452D87C}
		{79963F2B-24B0-4FC8-98A4-BCF7541158DA} = {4921FCF2-E3E8-4B6C-8FA0-3A17E3E8C474}
	EndGlobalSection
EndGlobal
